
Microsoft Visual Studio Solution File, Format Version 12.00
# Visual Studio 2013
VisualStudioVersion = 12.0.31101.0
MinimumVisualStudioVersion = 10.0.40219.1
Project("{FAE04EC0-301F-11D3-BF4B-00C04F79EFBC}") = "PathViewer", "PathViewer\PathViewer.csproj", "{A9C124ED-71EA-4C7A-ADE7-05670165CAC6}"
EndProject
Project("{FAE04EC0-301F-11D3-BF4B-00C04F79EFBC}") = "PathViewerTest", "PathViewerTest\PathViewerTest.csproj", "{69318756-D44E-4017-BA60-C827E9BBD7BC}"
EndProject
Global
	GlobalSection(SolutionConfigurationPlatforms) = preSolution
		Debug|Any CPU = Debug|Any CPU
		Release|Any CPU = Release|Any CPU
	EndGlobalSection
	GlobalSection(ProjectConfigurationPlatforms) = postSolution
		{A9C124ED-71EA-4C7A-ADE7-05670165CAC6}.Debug|Any CPU.ActiveCfg = Debug|Any CPU
		{A9C124ED-71EA-4C7A-ADE7-05670165CAC6}.Debug|Any CPU.Build.0 = Debug|Any CPU
		{A9C124ED-71EA-4C7A-ADE7-05670165CAC6}.Release|Any CPU.ActiveCfg = Release|Any CPU
		{A9C124ED-71EA-4C7A-ADE7-05670165CAC6}.Release|Any CPU.Build.0 = Release|Any CPU
		{69318756-D44E-4017-BA60-C827E9BBD7BC}.Debug|Any CPU.ActiveCfg = Debug|Any CPU
		{69318756-D44E-4017-BA60-C827E9BBD7BC}.Debug|Any CPU.Build.0 = Debug|Any CPU
		{69318756-D44E-4017-BA60-C827E9BBD7BC}.Release|Any CPU.ActiveCfg = Release|Any CPU
		{69318756-D44E-4017-BA60-C827E9BBD7BC}.Release|Any CPU.Build.0 = Release|Any CPU
	EndGlobalSection
	GlobalSection(SolutionProperties) = preSolution
		HideSolutionNode = FALSE
	EndGlobalSection
EndGlobal
